dependencies:
- name: postgresql
  repository: https://charts.bitnami.com/bitnami
  version: 18.5.15
- name: redis
  repository: https://charts.bitnami.com/bitnami
  version: 25.3.9
- name: keycloak
  repository: https://charts.bitnami.com/bitnami
  version: 25.2.0
digest: sha256:26c199fdb5033995110c8ffb53f4a2bc3c3dd4dad148a735f21410799c331cd6
generated: "2026-04-03T11:11:00.605259392+03:00"
